
Microsoft Visual Studio Solution File, Format Version 12.00
# Visual Studio Version 17
VisualStudioVersion = 17.9.34701.34
MinimumVisualStudioVersion = 10.0.40219.1
Project("{2150E333-8FDC-42A3-9474-1A3956D46DE8}") = "src", "src", "{C96E1D1B-18EA-49F9-BE3D-EF49ED924F59}"
EndProject
Project("{2150E333-8FDC-42A3-9474-1A3956D46DE8}") = "tests", "tests", "{3A4F3654-F4DC-4864-9E48-AD137A2166E0}"
EndProject
Project("{2150E333-8FDC-42A3-9474-1A3956D46DE8}") = "Core", "Core", "{BA7DECBF-1F93-4D56-975A-1BF4ACF5AE39}"
EndProject
Project("{9A19103F-16F7-4668-BE54-9A1E7A4F7556}") = "Domain.UnitTests", "tests\Domain.UnitTests\Domain.UnitTests.csproj", "{8AA6DD2A-9C33-4A4F-B172-40C15EF8662B}"
EndProject
Project("{9A19103F-16F7-4668-BE54-9A1E7A4F7556}") = "Domain", "src\Core\Domain\Domain.csproj", "{2AA09332-FBEE-4CC4-B1ED-1D9703539D5E}"
EndProject
Project("{2150E333-8FDC-42A3-9474-1A3956D46DE8}") = "Common", "Common", "{B88EE6D8-3E0D-4BAC-8838-EAF29505ECA8}"
EndProject
Project("{9A19103F-16F7-4668-BE54-9A1E7A4F7556}") = "Shared", "src\Common\Shared\Shared.csproj", "{807DD575-6CF9-4CE9-9351-CC61BFD642E3}"
EndProject
Project("{9A19103F-16F7-4668-BE54-9A1E7A4F7556}") = "Application", "src\Core\Application\Application.csproj", "{CD7464B4-1192-400A-8E0F-A5528DEBB88B}"
EndProject
Project("{2150E333-8FDC-42A3-9474-1A3956D46DE8}") = "External", "External", "{AFAFDED7-76D9-4A79-AFCC-376EEAC81172}"
EndProject
Project("{9A19103F-16F7-4668-BE54-9A1E7A4F7556}") = "Persistence", "src\External\Persistence\Persistence.csproj", "{3E07AF13-B7D4-44B4-8FF2-DF27B708925C}"
EndProject
Project("{9A19103F-16F7-4668-BE54-9A1E7A4F7556}") = "MauiPersistence", "src\External\MauiPersistance\MauiPersistence.csproj", "{92371E05-5B57-4EBA-9FC7-F9DED2E17E89}"
EndProject
Project("{9A19103F-16F7-4668-BE54-9A1E7A4F7556}") = "EFMigrator", "src\External\EfMigrator\EFMigrator.csproj", "{58A7849B-ADD5-4BE4-BD06-222352C1DB57}"
EndProject
Global
	GlobalSection(SolutionConfigurationPlatforms) = preSolution
		Debug|Any CPU = Debug|Any CPU
		Release|Any CPU = Release|Any CPU
	EndGlobalSection
	GlobalSection(ProjectConfigurationPlatforms) = postSolution
		{8AA6DD2A-9C33-4A4F-B172-40C15EF8662B}.Debug|Any CPU.ActiveCfg = Debug|Any CPU
		{8AA6DD2A-9C33-4A4F-B172-40C15EF8662B}.Debug|Any CPU.Build.0 = Debug|Any CPU
		{8AA6DD2A-9C33-4A4F-B172-40C15EF8662B}.Release|Any CPU.ActiveCfg = Release|Any CPU
		{8AA6DD2A-9C33-4A4F-B172-40C15EF8662B}.Release|Any CPU.Build.0 = Release|Any CPU
		{2AA09332-FBEE-4CC4-B1ED-1D9703539D5E}.Debug|Any CPU.ActiveCfg = Debug|Any CPU
		{2AA09332-FBEE-4CC4-B1ED-1D9703539D5E}.Debug|Any CPU.Build.0 = Debug|Any CPU
		{2AA09332-FBEE-4CC4-B1ED-1D9703539D5E}.Release|Any CPU.ActiveCfg = Release|Any CPU
		{2AA09332-FBEE-4CC4-B1ED-1D9703539D5E}.Release|Any CPU.Build.0 = Release|Any CPU
		{807DD575-6CF9-4CE9-9351-CC61BFD642E3}.Debug|Any CPU.ActiveCfg = Debug|Any CPU
		{807DD575-6CF9-4CE9-9351-CC61BFD642E3}.Debug|Any CPU.Build.0 = Debug|Any CPU
		{807DD575-6CF9-4CE9-9351-CC61BFD642E3}.Release|Any CPU.ActiveCfg = Release|Any CPU
		{807DD575-6CF9-4CE9-9351-CC61BFD642E3}.Release|Any CPU.Build.0 = Release|Any CPU
		{CD7464B4-1192-400A-8E0F-A5528DEBB88B}.Debug|Any CPU.ActiveCfg = Debug|Any CPU
		{CD7464B4-1192-400A-8E0F-A5528DEBB88B}.Debug|Any CPU.Build.0 = Debug|Any CPU
		{CD7464B4-1192-400A-8E0F-A5528DEBB88B}.Release|Any CPU.ActiveCfg = Release|Any CPU
		{CD7464B4-1192-400A-8E0F-A5528DEBB88B}.Release|Any CPU.Build.0 = Release|Any CPU
		{3E07AF13-B7D4-44B4-8FF2-DF27B708925C}.Debug|Any CPU.ActiveCfg = Debug|Any CPU
		{3E07AF13-B7D4-44B4-8FF2-DF27B708925C}.Debug|Any CPU.Build.0 = Debug|Any CPU
		{3E07AF13-B7D4-44B4-8FF2-DF27B708925C}.Release|Any CPU.ActiveCfg = Release|Any CPU
		{3E07AF13-B7D4-44B4-8FF2-DF27B708925C}.Release|Any CPU.Build.0 = Release|Any CPU
		{92371E05-5B57-4EBA-9FC7-F9DED2E17E89}.Debug|Any CPU.ActiveCfg = Debug|Any CPU
		{92371E05-5B57-4EBA-9FC7-F9DED2E17E89}.Debug|Any CPU.Build.0 = Debug|Any CPU
		{92371E05-5B57-4EBA-9FC7-F9DED2E17E89}.Release|Any CPU.ActiveCfg = Release|Any CPU
		{92371E05-5B57-4EBA-9FC7-F9DED2E17E89}.Release|Any CPU.Build.0 = Release|Any CPU
		{58A7849B-ADD5-4BE4-BD06-222352C1DB57}.Debug|Any CPU.ActiveCfg = Debug|Any CPU
		{58A7849B-ADD5-4BE4-BD06-222352C1DB57}.Debug|Any CPU.Build.0 = Debug|Any CPU
		{58A7849B-ADD5-4BE4-BD06-222352C1DB57}.Release|Any CPU.ActiveCfg = Release|Any CPU
		{58A7849B-ADD5-4BE4-BD06-222352C1DB57}.Release|Any CPU.Build.0 = Release|Any CPU
	EndGlobalSection
	GlobalSection(SolutionProperties) = preSolution
		HideSolutionNode = FALSE
	EndGlobalSection
	GlobalSection(NestedProjects) = preSolution
		{BA7DECBF-1F93-4D56-975A-1BF4ACF5AE39} = {C96E1D1B-18EA-49F9-BE3D-EF49ED924F59}
		{8AA6DD2A-9C33-4A4F-B172-40C15EF8662B} = {3A4F3654-F4DC-4864-9E48-AD137A2166E0}
		{2AA09332-FBEE-4CC4-B1ED-1D9703539D5E} = {BA7DECBF-1F93-4D56-975A-1BF4ACF5AE39}
		{B88EE6D8-3E0D-4BAC-8838-EAF29505ECA8} = {C96E1D1B-18EA-49F9-BE3D-EF49ED924F59}
		{807DD575-6CF9-4CE9-9351-CC61BFD642E3} = {B88EE6D8-3E0D-4BAC-8838-EAF29505ECA8}
		{CD7464B4-1192-400A-8E0F-A5528DEBB88B} = {BA7DECBF-1F93-4D56-975A-1BF4ACF5AE39}
		{AFAFDED7-76D9-4A79-AFCC-376EEAC81172} = {C96E1D1B-18EA-49F9-BE3D-EF49ED924F59}
		{3E07AF13-B7D4-44B4-8FF2-DF27B708925C} = {AFAFDED7-76D9-4A79-AFCC-376EEAC81172}
		{92371E05-5B57-4EBA-9FC7-F9DED2E17E89} = {AFAFDED7-76D9-4A79-AFCC-376EEAC81172}
		{58A7849B-ADD5-4BE4-BD06-222352C1DB57} = {AFAFDED7-76D9-4A79-AFCC-376EEAC81172}
	EndGlobalSection
	GlobalSection(ExtensibilityGlobals) = postSolution
		SolutionGuid = {C904C2E2-A105-48EE-AE19-6B06027D545B}
	EndGlobalSection
EndGlobal
